
Microsoft Visual Studio Solution File, Format Version 12.00
Project("{FAE04EC0-301F-11D3-BF4B-00C04F79EFBC}") = "ATR2C", "ATR2C\ATR2C.csproj", "{F55B6F1D-5096-480E-A09F-B505D20048EF}"
EndProject
Global
	GlobalSection(SolutionConfigurationPlatforms) = preSolution
		Debug|Any CPU = Debug|Any CPU
		Release|Any CPU = Release|Any CPU
	EndGlobalSection
	GlobalSection(ProjectConfigurationPlatforms) = postSolution
		{F55B6F1D-5096-480E-A09F-B505D20048EF}.Debug|Any CPU.ActiveCfg = Debug|Any CPU
		{F55B6F1D-5096-480E-A09F-B505D20048EF}.Debug|Any CPU.Build.0 = Debug|Any CPU
		{F55B6F1D-5096-480E-A09F-B505D20048EF}.Release|Any CPU.ActiveCfg = Release|Any CPU
		{F55B6F1D-5096-480E-A09F-B505D20048EF}.Release|Any CPU.Build.0 = Release|Any CPU
		{F55B6F1D-5096-480E-A09F-B505D20048EF}.Release|Any CPU.Deploy.0 = Release|Any CPU
	EndGlobalSection
EndGlobal
